
Microsoft Visual Studio Solution File, Format Version 12.00
# Visual Studio 15
VisualStudioVersion = 15.0.27428.2015
MinimumVisualStudioVersion = 10.0.40219.1
Project("{8BC9CEB8-8B4A-11D0-8D11-00A0C91BC942}") = "towers of hanoi", "towers of hanoi\towers of hanoi.vcxproj", "{EE2A73F2-FFAA-4CC7-A943-63FD7ABDD867}"
EndProject
Global
	GlobalSection(SolutionConfigurationPlatforms) = preSolution
		Debug|x64 = Debug|x64
		Debug|x86 = Debug|x86
		Release|x64 = Release|x64
		Release|x86 = Release|x86
	EndGlobalSection
	GlobalSection(ProjectConfigurationPlatforms) = postSolution
		{EE2A73F2-FFAA-4CC7-A943-63FD7ABDD867}.Debug|x64.ActiveCfg = Debug|x64
		{EE2A73F2-FFAA-4CC7-A943-63FD7ABDD867}.Debug|x64.Build.0 = Debug|x64
		{EE2A73F2-FFAA-4CC7-A943-63FD7ABDD867}.Debug|x86.ActiveCfg = Debug|Win32
		{EE2A73F2-FFAA-4CC7-A943-63FD7ABDD867}.Debug|x86.Build.0 = Debug|Win32
		{EE2A73F2-FFAA-4CC7-A943-63FD7ABDD867}.Release|x64.ActiveCfg = Release|x64
		{EE2A73F2-FFAA-4CC7-A943-63FD7ABDD867}.Release|x64.Build.0 = Release|x64
		{EE2A73F2-FFAA-4CC7-A943-63FD7ABDD867}.Release|x86.ActiveCfg = Release|Win32
		{EE2A73F2-FFAA-4CC7-A943-63FD7ABDD867}.Release|x86.Build.0 = Release|Win32
	EndGlobalSection
	GlobalSection(SolutionProperties) = preSolution
		HideSolutionNode = FALSE
	EndGlobalSection
	GlobalSection(ExtensibilityGlobals) = postSolution
		SolutionGuid = {1E0C36B0-1194-41EC-BD59-A8346C269235}
	EndGlobalSection
EndGlobal
